// !$*UTF8*$!
{
	archiveVersion = 1;
	classes = {
	};
	objectVersion = 77;
	objects = {

/* Begin PBXContainerItemProxy section */
		82BE9E052D8C610F00073F90 /* PBXContainerItemProxy */ = {
			isa = PBXContainerItemProxy;
			containerPortal = 82BE9DE72D8C610D00073F90 /* Project object */;
			proxyType = 1;
			remoteGlobalIDString = 82BE9DEE2D8C610D00073F90;
			remoteInfo = "TaskManager-SwiftUI";
		};
		82BE9E0F2D8C610F00073F90 /* PBXContainerItemProxy */ = {
			isa = PBXContainerItemProxy;
			containerPortal = 82BE9DE72D8C610D00073F90 /* Project object */;
			proxyType = 1;
			remoteGlobalIDString = 82BE9DEE2D8C610D00073F90;
			remoteInfo = "TaskManager-SwiftUI";
		};
/* End PBXContainerItemProxy section */

/* Begin PBXFileReference section */
		82BE9DEF2D8C610D00073F90 /* TaskManager-SwiftUI.app */ = {isa = PBXFileReference; explicitFileType = wrapper.application; includeInIndex = 0; path = "TaskManager-SwiftUI.app"; sourceTree = BUILT_PRODUCTS_DIR; };
		82BE9E042D8C610F00073F90 /* TaskManager-SwiftUITests.xctest */ = {isa = PBXFileReference; explicitFileType = wrapper.cfbundle; includeInIndex = 0; path = "TaskManager-SwiftUITests.xctest"; sourceTree = BUILT_PRODUCTS_DIR; };
		82BE9E0E2D8C610F00073F90 /* TaskManager-SwiftUIUITests.xctest */ = {isa = PBXFileReference; explicitFileType = wrapper.cfbundle; includeInIndex = 0; path = "TaskManager-SwiftUIUITests.xctest"; sourceTree = BUILT_PRODUCTS_DIR; };
/* End PBXFileReference section */

/* Begin PBXFileSystemSynchronizedRootGroup section */
		82BE9DF12D8C610D00073F90 /* TaskManager-SwiftUI */ = {
			isa = PBXFileSystemSynchronizedRootGroup;
			path = "TaskManager-SwiftUI";
			sourceTree = "<group>";
		};
		82BE9E072D8C610F00073F90 /* TaskManager-SwiftUITests */ = {
			isa = PBXFileSystemSynchronizedRootGroup;
			path = "TaskManager-SwiftUITests";
			sourceTree = "<group>";
		};
		82BE9E112D8C610F00073F90 /* TaskManager-SwiftUIUITests */ = {
			isa = PBXFileSystemSynchronizedRootGroup;
			path = "TaskManager-SwiftUIUITests";
			sourceTree = "<group>";
		};
/* End PBXFileSystemSynchronizedRootGroup section */

/* Begin PBXFrameworksBuildPhase section */
		82BE9DEC2D8C610D00073F90 /* Frameworks */ = {
			isa = PBXFrameworksBuildPhase;
			buildActionMask = 2147483647;
			files = (
			);
			runOnlyForDeploymentPostprocessing = 0;
		};
		82BE9E012D8C610F00073F90 /* Frameworks */ = {
			isa = PBXFrameworksBuildPhase;
			buildActionMask = 2147483647;
			files = (
			);
			runOnlyForDeploymentPostprocessing = 0;
		};
		82BE9E0B2D8C610F00073F90 /* Frameworks */ = {
			isa = PBXFrameworksBuildPhase;
			buildActionMask = 2147483647;
			files = (
			);
			runOnlyForDeploymentPostprocessing = 0;
		};
/* End PBXFrameworksBuildPhase section */

/* Begin PBXGroup section */
		82BE9DE62D8C610D00073F90 = {
			isa = PBXGroup;
			children = (
				82BE9DF12D8C610D00073F90 /* TaskManager-SwiftUI */,
				82BE9E072D8C610F00073F90 /* TaskManager-SwiftUITests */,
				82BE9E112D8C610F00073F90 /* TaskManager-SwiftUIUITests */,
				82BE9DF02D8C610D00073F90 /* Products */,
			);
			sourceTree = "<group>";
		};
		82BE9DF02D8C610D00073F90 /* Products */ = {
			isa = PBXGroup;
			children = (
				82BE9DEF2D8C610D00073F90 /* TaskManager-SwiftUI.app */,
				82BE9E042D8C610F00073F90 /* TaskManager-SwiftUITests.xctest */,
				82BE9E0E2D8C610F00073F90 /* TaskManager-SwiftUIUITests.xctest */,
			);
			name = Products;
			sourceTree = "<group>";
		};
/* End PBXGroup section */

/* Begin PBXNativeTarget section */
		82BE9DEE2D8C610D00073F90 /* TaskManager-SwiftUI */ = {
			isa = PBXNativeTarget;
			buildConfigurationList = 82BE9E182D8C610F00073F90 /* Build configuration list for PBXNativeTarget "TaskManager-SwiftUI" */;
			buildPhases = (
				82BE9DEB2D8C610D00073F90 /* Sources */,
				82BE9DEC2D8C610D00073F90 /* Frameworks */,
				82BE9DED2D8C610D00073F90 /* Resources */,
			);
			buildRules = (
			);
			dependencies = (
			);
			fileSystemSynchronizedGroups = (
				82BE9DF12D8C610D00073F90 /* TaskManager-SwiftUI */,
			);
			name = "TaskManager-SwiftUI";
			packageProductDependencies = (
			);
			productName = "TaskManager-SwiftUI";
			productReference = 82BE9DEF2D8C610D00073F90 /* TaskManager-SwiftUI.app */;
			productType = "com.apple.product-type.application";
		};
		82BE9E032D8C610F00073F90 /* TaskManager-SwiftUITests */ = {
			isa = PBXNativeTarget;
			buildConfigurationList = 82BE9E1B2D8C610F00073F90 /* Build configuration list for PBXNativeTarget "TaskManager-SwiftUITests" */;
			buildPhases = (
				82BE9E002D8C610F00073F90 /* Sources */,
				82BE9E012D8C610F00073F90 /* Frameworks */,
				82BE9E022D8C610F00073F90 /* Resources */,
			);
			buildRules = (
			);
			dependencies = (
				82BE9E062D8C610F00073F90 /* PBXTargetDependency */,
			);
			fileSystemSynchronizedGroups = (
				82BE9E072D8C610F00073F90 /* TaskManager-SwiftUITests */,
			);
			name = "TaskManager-SwiftUITests";
			packageProductDependencies = (
			);
			productName = "TaskManager-SwiftUITests";
			productReference = 82BE9E042D8C610F00073F90 /* TaskManager-SwiftUITests.xctest */;
			productType = "com.apple.product-type.bundle.unit-test";
		};
		82BE9E0D2D8C610F00073F90 /* TaskManager-SwiftUIUITests */ = {
			isa = PBXNativeTarget;
			buildConfigurationList = 82BE9E1E2D8C610F00073F90 /* Build configuration list for PBXNativeTarget "TaskManager-SwiftUIUITests" */;
			buildPhases = (
				82BE9E0A2D8C610F00073F90 /* Sources */,
				82BE9E0B2D8C610F00073F90 /* Frameworks */,
				82BE9E0C2D8C610F00073F90 /* Resources */,
			);
			buildRules = (
			);
			dependencies = (
				82BE9E102D8C610F00073F90 /* PBXTargetDependency */,
			);
			fileSystemSynchronizedGroups = (
				82BE9E112D8C610F00073F90 /* TaskManager-SwiftUIUITests */,
			);
			name = "TaskManager-SwiftUIUITests";
			packageProductDependencies = (
			);
			productName = "TaskManager-SwiftUIUITests";
			productReference = 82BE9E0E2D8C610F00073F90 /* TaskManager-SwiftUIUITests.xctest */;
			productType = "com.apple.product-type.bundle.ui-testing";
		};
/* End PBXNativeTarget section */

/* Begin PBXProject section */
		82BE9DE72D8C610D00073F90 /* Project object */ = {
			isa = PBXProject;
			attributes = {
				BuildIndependentTargetsInParallel = 1;
				LastSwiftUpdateCheck = 1620;
				LastUpgradeCheck = 1620;
				TargetAttributes = {
					82BE9DEE2D8C610D00073F90 = {
						CreatedOnToolsVersion = 16.2;
					};
					82BE9E032D8C610F00073F90 = {
						CreatedOnToolsVersion = 16.2;
						TestTargetID = 82BE9DEE2D8C610D00073F90;
					};
					82BE9E0D2D8C610F00073F90 = {
						CreatedOnToolsVersion = 16.2;
						TestTargetID = 82BE9DEE2D8C610D00073F90;
					};
				};
			};
			buildConfigurationList = 82BE9DEA2D8C610D00073F90 /* Build configuration list for PBXProject "TaskManager-SwiftUI" */;
			developmentRegion = en;
			hasScannedForEncodings = 0;
			knownRegions = (
				en,
				Base,
			);
			mainGroup = 82BE9DE62D8C610D00073F90;
			minimizedProjectReferenceProxies = 1;
			preferredProjectObjectVersion = 77;
			productRefGroup = 82BE9DF02D8C610D00073F90 /* Products */;
			projectDirPath = "";
			projectRoot = "";
			targets = (
				82BE9DEE2D8C610D00073F90 /* TaskManager-SwiftUI */,
				82BE9E032D8C610F00073F90 /* TaskManager-SwiftUITests */,
				82BE9E0D2D8C610F00073F90 /* TaskManager-SwiftUIUITests */,
			);
		};
/* End PBXProject section */

/* Begin PBXResourcesBuildPhase section */
		82BE9DED2D8C610D00073F90 /* Resources */ = {
			isa = PBXResourcesBuildPhase;
			buildActionMask = 2147483647;
			files = (
			);
			runOnlyForDeploymentPostprocessing = 0;
		};
		82BE9E022D8C610F00073F90 /* Resources */ = {
			isa = PBXResourcesBuildPhase;
			buildActionMask = 2147483647;
			files = (
			);
			runOnlyForDeploymentPostprocessing = 0;
		};
		82BE9E0C2D8C610F00073F90 /* Resources */ = {
			isa = PBXResourcesBuildPhase;
			buildActionMask = 2147483647;
			files = (
			);
			runOnlyForDeploymentPostprocessing = 0;
		};
/* End PBXResourcesBuildPhase section */

/* Begin PBXSourcesBuildPhase section */
		82BE9DEB2D8C610D00073F90 /* Sources */ = {
			isa = PBXSourcesBuildPhase;
			buildActionMask = 2147483647;
			files = (
			);
			runOnlyForDeploymentPostprocessing = 0;
		};
		82BE9E002D8C610F00073F90 /* Sources */ = {
			isa = PBXSourcesBuildPhase;
			buildActionMask = 2147483647;
			files = (
			);
			runOnlyForDeploymentPostprocessing = 0;
		};
		82BE9E0A2D8C610F00073F90 /* Sources */ = {
			isa = PBXSourcesBuildPhase;
			buildActionMask = 2147483647;
			files = (
			);
			runOnlyForDeploymentPostprocessing = 0;
		};
/* End PBXSourcesBuildPhase section */

/* Begin PBXTargetDependency section */
		82BE9E062D8C610F00073F90 /* PBXTargetDependency */ = {
			isa = PBXTargetDependency;
			target = 82BE9DEE2D8C610D00073F90 /* TaskManager-SwiftUI */;
			targetProxy = 82BE9E052D8C610F00073F90 /* PBXContainerItemProxy */;
		};
		82BE9E102D8C610F00073F90 /* PBXTargetDependency */ = {
			isa = PBXTargetDependency;
			target = 82BE9DEE2D8C610D00073F90 /* TaskManager-SwiftUI */;
			targetProxy = 82BE9E0F2D8C610F00073F90 /* PBXContainerItemProxy */;
		};
/* End PBXTargetDependency section */

/* Begin XCBuildConfiguration section */
		82BE9E162D8C610F00073F90 /* Debug */ = {
			isa = XCBuildConfiguration;
			buildSettings = {
				ALWAYS_SEARCH_USER_PATHS = NO;
				ASSETCATALOG_COMPILER_GENERATE_SWIFT_ASSET_SYMBOL_EXTENSIONS = YES;
				CLANG_ANALYZER_NONNULL = YES;
				CLANG_ANALYZER_NUMBER_OBJECT_CONVERSION = YES_AGGRESSIVE;
				CLANG_CXX_LANGUAGE_STANDARD = "gnu++20";
				CLANG_ENABLE_MODULES = YES;
				CLANG_ENABLE_OBJC_ARC = YES;
				CLANG_ENABLE_OBJC_WEAK = YES;
				CLANG_WARN_BLOCK_CAPTURE_AUTORELEASING = YES;
				CLANG_WARN_BOOL_CONVERSION = YES;
				CLANG_WARN_COMMA = YES;
				CLANG_WARN_CONSTANT_CONVERSION = YES;
				CLANG_WARN_DEPRECATED_OBJC_IMPLEMENTATIONS = YES;
				CLANG_WARN_DIRECT_OBJC_ISA_USAGE = YES_ERROR;
				CLANG_WARN_DOCUMENTATION_COMMENTS = YES;
				CLANG_WARN_EMPTY_BODY = YES;
				CLANG_WARN_ENUM_CONVERSION = YES;
				CLANG_WARN_INFINITE_RECURSION = YES;
				CLANG_WARN_INT_CONVERSION = YES;
				CLANG_WARN_NON_LITERAL_NULL_CONVERSION = YES;
				CLANG_WARN_OBJC_IMPLICIT_RETAIN_SELF = YES;
				CLANG_WARN_OBJC_LITERAL_CONVERSION = YES;
				CLANG_WARN_OBJC_ROOT_CLASS = YES_ERROR;
				CLANG_WARN_QUOTED_INCLUDE_IN_FRAMEWORK_HEADER = YES;
				CLANG_WARN_RANGE_LOOP_ANALYSIS = YES;
				CLANG_WARN_STRICT_PROTOTYPES = YES;
				CLANG_WARN_SUSPICIOUS_MOVE = YES;
				CLANG_WARN_UNGUARDED_AVAILABILITY = YES_AGGRESSIVE;
				CLANG_WARN_UNREACHABLE_CODE = YES;
				CLANG_WARN__DUPLICATE_METHOD_MATCH = YES;
				COPY_PHASE_STRIP = NO;
				DEBUG_INFORMATION_FORMAT = dwarf;
				ENABLE_STRICT_OBJC_MSGSEND = YES;
				ENABLE_TESTABILITY = YES;
				ENABLE_USER_SCRIPT_SANDBOXING = YES;
				GCC_C_LANGUAGE_STANDARD = gnu17;
				GCC_DYNAMIC_NO_PIC = NO;
				GCC_NO_COMMON_BLOCKS = YES;
				GCC_OPTIMIZATION_LEVEL = 0;
				GCC_PREPROCESSOR_DEFINITIONS = (
					"DEBUG=1",
					"$(inherited)",
				);
				GCC_WARN_64_TO_32_BIT_CONVERSION = YES;
				GCC_WARN_ABOUT_RETURN_TYPE = YES_ERROR;
				GCC_WARN_UNDECLARED_SELECTOR = YES;
				GCC_WARN_UNINITIALIZED_AUTOS = YES_AGGRESSIVE;
				GCC_WARN_UNUSED_FUNCTION = YES;
				GCC_WARN_UNUSED_VARIABLE = YES;
				IPHONEOS_DEPLOYMENT_TARGET = 18.2;
				LOCALIZATION_PREFERS_STRING_CATALOGS = YES;
				MTL_ENABLE_DEBUG_INFO = INCLUDE_SOURCE;
				MTL_FAST_MATH = YES;
				ONLY_ACTIVE_ARCH = YES;
				SDKROOT = iphoneos;
				SWIFT_ACTIVE_COMPILATION_CONDITIONS = "DEBUG $(inherited)";
				SWIFT_OPTIMIZATION_LEVEL = "-Onone";
			};
			name = Debug;
		};
		82BE9E172D8C610F00073F90 /* Release */ = {
			isa = XCBuildConfiguration;
			buildSettings = {
				ALWAYS_SEARCH_USER_PATHS = NO;
				ASSETCATALOG_COMPILER_GENERATE_SWIFT_ASSET_SYMBOL_EXTENSIONS = YES;
				CLANG_ANALYZER_NONNULL = YES;
				CLANG_ANALYZER_NUMBER_OBJECT_CONVERSION = YES_AGGRESSIVE;
				CLANG_CXX_LANGUAGE_STANDARD = "gnu++20";
				CLANG_ENABLE_MODULES = YES;
				CLANG_ENABLE_OBJC_ARC = YES;
				CLANG_ENABLE_OBJC_WEAK = YES;
				CLANG_WARN_BLOCK_CAPTURE_AUTORELEASING = YES;
				CLANG_WARN_BOOL_CONVERSION = YES;
				CLANG_WARN_COMMA = YES;
				CLANG_WARN_CONSTANT_CONVERSION = YES;
				CLANG_WARN_DEPRECATED_OBJC_IMPLEMENTATIONS = YES;
				CLANG_WARN_DIRECT_OBJC_ISA_USAGE = YES_ERROR;
				CLANG_WARN_DOCUMENTATION_COMMENTS = YES;
				CLANG_WARN_EMPTY_BODY = YES;
				CLANG_WARN_ENUM_CONVERSION = YES;
				CLANG_WARN_INFINITE_RECURSION = YES;
				CLANG_WARN_INT_CONVERSION = YES;
				CLANG_WARN_NON_LITERAL_NULL_CONVERSION = YES;
				CLANG_WARN_OBJC_IMPLICIT_RETAIN_SELF = YES;
				CLANG_WARN_OBJC_LITERAL_CONVERSION = YES;
				CLANG_WARN_OBJC_ROOT_CLASS = YES_ERROR;
				CLANG_WARN_QUOTED_INCLUDE_IN_FRAMEWORK_HEADER = YES;
				CLANG_WARN_RANGE_LOOP_ANALYSIS = YES;
				CLANG_WARN_STRICT_PROTOTYPES = YES;
				CLANG_WARN_SUSPICIOUS_MOVE = YES;
				CLANG_WARN_UNGUARDED_AVAILABILITY = YES_AGGRESSIVE;
				CLANG_WARN_UNREACHABLE_CODE = YES;
				CLANG_WARN__DUPLICATE_METHOD_MATCH = YES;
				COPY_PHASE_STRIP = NO;
				DEBUG_INFORMATION_FORMAT = "dwarf-with-dsym";
				ENABLE_NS_ASSERTIONS = NO;
				ENABLE_STRICT_OBJC_MSGSEND = YES;
				ENABLE_USER_SCRIPT_SANDBOXING = YES;
				GCC_C_LANGUAGE_STANDARD = gnu17;
				GCC_NO_COMMON_BLOCKS = YES;
				GCC_WARN_64_TO_32_BIT_CONVERSION = YES;
				GCC_WARN_ABOUT_RETURN_TYPE = YES_ERROR;
				GCC_WARN_UNDECLARED_SELECTOR = YES;
				GCC_WARN_UNINITIALIZED_AUTOS = YES_AGGRESSIVE;
				GCC_WARN_UNUSED_FUNCTION = YES;
				GCC_WARN_UNUSED_VARIABLE = YES;
				IPHONEOS_DEPLOYMENT_TARGET = 18.2;
				LOCALIZATION_PREFERS_STRING_CATALOGS = YES;
				MTL_ENABLE_DEBUG_INFO = NO;
				MTL_FAST_MATH = YES;
				SDKROOT = iphoneos;
				SWIFT_COMPILATION_MODE = wholemodule;
				VALIDATE_PRODUCT = YES;
			};
			name = Release;
		};
		82BE9E192D8C610F00073F90 /* Debug */ = {
			isa = XCBuildConfiguration;
			buildSettings = {
				ASSETCATALOG_COMPILER_APPICON_NAME = AppIcon;
				ASSETCATALOG_COMPILER_GLOBAL_ACCENT_COLOR_NAME = AccentColor;
				CODE_SIGN_STYLE = Automatic;
				CURRENT_PROJECT_VERSION = 1;
				DEVELOPMENT_ASSET_PATHS = "\"TaskManager-SwiftUI/Preview Content\"";
				DEVELOPMENT_TEAM = Q6GN2Y59NL;
				ENABLE_PREVIEWS = YES;
				GENERATE_INFOPLIST_FILE = YES;
				INFOPLIST_KEY_UIApplicationSceneManifest_Generation = YES;
				INFOPLIST_KEY_UIApplicationSupportsIndirectInputEvents = YES;
				INFOPLIST_KEY_UILaunchScreen_Generation = YES;
				INFOPLIST_KEY_UISupportedInterfaceOrientations_iPad = "UIInterfaceOrientationPortrait UIInterfaceOrientationPortraitUpsideDown UIInterfaceOrientationLandscapeLeft UIInterfaceOrientationLandscapeRight";
				INFOPLIST_KEY_UISupportedInterfaceOrientations_iPhone = "UIInterfaceOrientationPortrait UIInterfaceOrientationLandscapeLeft UIInterfaceOrientationLandscapeRight";
				IPHONEOS_DEPLOYMENT_TARGET = 18.0;
				LD_RUNPATH_SEARCH_PATHS = (
					"$(inherited)",
					"@executable_path/Frameworks",
				);
				MARKETING_VERSION = 1.0;
				PRODUCT_BUNDLE_IDENTIFIER = "com.example.TaskManager-SwiftUI";
				PRODUCT_NAME = "$(TARGET_NAME)";
				SUPPORTED_PLATFORMS = "iphoneos iphonesimulator";
				SUPPORTS_MACCATALYST = NO;
				SUPPORTS_MAC_DESIGNED_FOR_IPHONE_IPAD = NO;
				SUPPORTS_XR_DESIGNED_FOR_IPHONE_IPAD = NO;
				SWIFT_EMIT_LOC_STRINGS = YES;
				SWIFT_VERSION = 5.0;
				TARGETED_DEVICE_FAMILY = "1,2";
			};
			name = Debug;
		};
		82BE9E1A2D8C610F00073F90 /* Release */ = {
			isa = XCBuildConfiguration;
			buildSettings = {
				ASSETCATALOG_COMPILER_APPICON_NAME = AppIcon;
				ASSETCATALOG_COMPILER_GLOBAL_ACCENT_COLOR_NAME = AccentColor;
				CODE_SIGN_STYLE = Automatic;
				CURRENT_PROJECT_VERSION = 1;
				DEVELOPMENT_ASSET_PATHS = "\"TaskManager-SwiftUI/Preview Content\"";
				DEVELOPMENT_TEAM = Q6GN2Y59NL;
				ENABLE_PREVIEWS = YES;
				GENERATE_INFOPLIST_FILE = YES;
				INFOPLIST_KEY_UIApplicationSceneManifest_Generation = YES;
				INFOPLIST_KEY_UIApplicationSupportsIndirectInputEvents = YES;
				INFOPLIST_KEY_UILaunchScreen_Generation = YES;
				INFOPLIST_KEY_UISupportedInterfaceOrientations_iPad = "UIInterfaceOrientationPortrait UIInterfaceOrientationPortraitUpsideDown UIInterfaceOrientationLandscapeLeft UIInterfaceOrientationLandscapeRight";
				INFOPLIST_KEY_UISupportedInterfaceOrientations_iPhone = "UIInterfaceOrientationPortrait UIInterfaceOrientationLandscapeLeft UIInterfaceOrientationLandscapeRight";
				IPHONEOS_DEPLOYMENT_TARGET = 18.0;
				LD_RUNPATH_SEARCH_PATHS = (
					"$(inherited)",
					"@executable_path/Frameworks",
				);
				MARKETING_VERSION = 1.0;
				PRODUCT_BUNDLE_IDENTIFIER = "com.example.TaskManager-SwiftUI";
				PRODUCT_NAME = "$(TARGET_NAME)";
				SUPPORTED_PLATFORMS = "iphoneos iphonesimulator";
				SUPPORTS_MACCATALYST = NO;
				SUPPORTS_MAC_DESIGNED_FOR_IPHONE_IPAD = NO;
				SUPPORTS_XR_DESIGNED_FOR_IPHONE_IPAD = NO;
				SWIFT_EMIT_LOC_STRINGS = YES;
				SWIFT_VERSION = 5.0;
				TARGETED_DEVICE_FAMILY = "1,2";
			};
			name = Release;
		};
		82BE9E1C2D8C610F00073F90 /* Debug */ = {
			isa = XCBuildConfiguration;
			buildSettings = {
				BUNDLE_LOADER = "$(TEST_HOST)";
				CODE_SIGN_STYLE = Automatic;
				CURRENT_PROJECT_VERSION = 1;
				DEVELOPMENT_TEAM = Q6GN2Y59NL;
				GENERATE_INFOPLIST_FILE = YES;
				IPHONEOS_DEPLOYMENT_TARGET = 18.2;
				MARKETING_VERSION = 1.0;
				PRODUCT_BUNDLE_IDENTIFIER = "com.example.TaskManager-SwiftUITests";
				PRODUCT_NAME = "$(TARGET_NAME)";
				SWIFT_EMIT_LOC_STRINGS = NO;
				SWIFT_VERSION = 5.0;
				TARGETED_DEVICE_FAMILY = "1,2";
				TEST_HOST = "$(BUILT_PRODUCTS_DIR)/TaskManager-SwiftUI.app/$(BUNDLE_EXECUTABLE_FOLDER_PATH)/TaskManager-SwiftUI";
			};
			name = Debug;
		};
		82BE9E1D2D8C610F00073F90 /* Release */ = {
			isa = XCBuildConfiguration;
			buildSettings = {
				BUNDLE_LOADER = "$(TEST_HOST)";
				CODE_SIGN_STYLE = Automatic;
				CURRENT_PROJECT_VERSION = 1;
				DEVELOPMENT_TEAM = Q6GN2Y59NL;
				GENERATE_INFOPLIST_FILE = YES;
				IPHONEOS_DEPLOYMENT_TARGET = 18.2;
				MARKETING_VERSION = 1.0;
				PRODUCT_BUNDLE_IDENTIFIER = "com.example.TaskManager-SwiftUITests";
				PRODUCT_NAME = "$(TARGET_NAME)";
				SWIFT_EMIT_LOC_STRINGS = NO;
				SWIFT_VERSION = 5.0;
				TARGETED_DEVICE_FAMILY = "1,2";
				TEST_HOST = "$(BUILT_PRODUCTS_DIR)/TaskManager-SwiftUI.app/$(BUNDLE_EXECUTABLE_FOLDER_PATH)/TaskManager-SwiftUI";
			};
			name = Release;
		};
		82BE9E1F2D8C610F00073F90 /* Debug */ = {
			isa = XCBuildConfiguration;
			buildSettings = {
				CODE_SIGN_STYLE = Automatic;
				CURRENT_PROJECT_VERSION = 1;
				DEVELOPMENT_TEAM = Q6GN2Y59NL;
				GENERATE_INFOPLIST_FILE = YES;
				MARKETING_VERSION = 1.0;
				PRODUCT_BUNDLE_IDENTIFIER = "com.example.TaskManager-SwiftUIUITests";
				PRODUCT_NAME = "$(TARGET_NAME)";
				SWIFT_EMIT_LOC_STRINGS = NO;
				SWIFT_VERSION = 5.0;
				TARGETED_DEVICE_FAMILY = "1,2";
				TEST_TARGET_NAME = "TaskManager-SwiftUI";
			};
			name = Debug;
		};
		82BE9E202D8C610F00073F90 /* Release */ = {
			isa = XCBuildConfiguration;
			buildSettings = {
				CODE_SIGN_STYLE = Automatic;
				CURRENT_PROJECT_VERSION = 1;
				DEVELOPMENT_TEAM = Q6GN2Y59NL;
				GENERATE_INFOPLIST_FILE = YES;
				MARKETING_VERSION = 1.0;
				PRODUCT_BUNDLE_IDENTIFIER = "com.example.TaskManager-SwiftUIUITests";
				PRODUCT_NAME = "$(TARGET_NAME)";
				SWIFT_EMIT_LOC_STRINGS = NO;
				SWIFT_VERSION = 5.0;
				TARGETED_DEVICE_FAMILY = "1,2";
				TEST_TARGET_NAME = "TaskManager-SwiftUI";
			};
			name = Release;
		};
/* End XCBuildConfiguration section */

/* Begin XCConfigurationList section */
		82BE9DEA2D8C610D00073F90 /* Build configuration list for PBXProject "TaskManager-SwiftUI" */ = {
			isa = XCConfigurationList;
			buildConfigurations = (
				82BE9E162D8C610F00073F90 /* Debug */,
				82BE9E172D8C610F00073F90 /* Release */,
			);
			defaultConfigurationIsVisible = 0;
			defaultConfigurationName = Release;
		};
		82BE9E182D8C610F00073F90 /* Build configuration list for PBXNativeTarget "TaskManager-SwiftUI" */ = {
			isa = XCConfigurationList;
			buildConfigurations = (
				82BE9E192D8C610F00073F90 /* Debug */,
				82BE9E1A2D8C610F00073F90 /* Release */,
			);
			defaultConfigurationIsVisible = 0;
			defaultConfigurationName = Release;
		};
		82BE9E1B2D8C610F00073F90 /* Build configuration list for PBXNativeTarget "TaskManager-SwiftUITests" */ = {
			isa = XCConfigurationList;
			buildConfigurations = (
				82BE9E1C2D8C610F00073F90 /* Debug */,
				82BE9E1D2D8C610F00073F90 /* Release */,
			);
			defaultConfigurationIsVisible = 0;
			defaultConfigurationName = Release;
		};
		82BE9E1E2D8C610F00073F90 /* Build configuration list for PBXNativeTarget "TaskManager-SwiftUIUITests" */ = {
			isa = XCConfigurationList;
			buildConfigurations = (
				82BE9E1F2D8C610F00073F90 /* Debug */,
				82BE9E202D8C610F00073F90 /* Release */,
			);
			defaultConfigurationIsVisible = 0;
			defaultConfigurationName = Release;
		};
/* End XCConfigurationList section */
	};
	rootObject = 82BE9DE72D8C610D00073F90 /* Project object */;
}
